
Microsoft Visual Studio Solution File, Format Version 12.00
# Visual Studio Version 17
VisualStudioVersion = 17.0.31903.59
MinimumVisualStudioVersion = 10.0.40219.1
Project("{FAE04EC0-301F-11D3-BF4B-00C04F79EFBC}") = "TeacherDiary", "TeacherDiary\TeacherDiary.csproj", "{759233C8-0045-46C7-88BB-70ED08BAD9C4}"
EndProject
Project("{FAE04EC0-301F-11D3-BF4B-00C04F79EFBC}") = "TeacherDiary.Test", "TeacherDiary.Test\TeacherDiary.Test.csproj", "{B627F4A1-BF1A-4F39-96C4-FA11F54714CB}"
EndProject
Global
	GlobalSection(SolutionProperties) = preSolution
		HideSolutionNode = FALSE
	EndGlobalSection
	GlobalSection(SolutionConfigurationPlatforms) = preSolution
		Debug|Any CPU = Debug|Any CPU
		Debug|x64 = Debug|x64
		Debug|x86 = Debug|x86
		Release|Any CPU = Release|Any CPU
		Release|x64 = Release|x64
		Release|x86 = Release|x86
	EndGlobalSection
	GlobalSection(ProjectConfigurationPlatforms) = postSolution
		{759233C8-0045-46C7-88BB-70ED08BAD9C4}.Debug|Any CPU.ActiveCfg = Debug|Any CPU
		{759233C8-0045-46C7-88BB-70ED08BAD9C4}.Debug|Any CPU.Build.0 = Debug|Any CPU
		{759233C8-0045-46C7-88BB-70ED08BAD9C4}.Debug|x64.ActiveCfg = Debug|Any CPU
		{759233C8-0045-46C7-88BB-70ED08BAD9C4}.Debug|x64.Build.0 = Debug|Any CPU
		{759233C8-0045-46C7-88BB-70ED08BAD9C4}.Debug|x86.ActiveCfg = Debug|Any CPU
		{759233C8-0045-46C7-88BB-70ED08BAD9C4}.Debug|x86.Build.0 = Debug|Any CPU
		{759233C8-0045-46C7-88BB-70ED08BAD9C4}.Release|Any CPU.ActiveCfg = Release|Any CPU
		{759233C8-0045-46C7-88BB-70ED08BAD9C4}.Release|Any CPU.Build.0 = Release|Any CPU
		{759233C8-0045-46C7-88BB-70ED08BAD9C4}.Release|x64.ActiveCfg = Release|Any CPU
		{759233C8-0045-46C7-88BB-70ED08BAD9C4}.Release|x64.Build.0 = Release|Any CPU
		{759233C8-0045-46C7-88BB-70ED08BAD9C4}.Release|x86.ActiveCfg = Release|Any CPU
		{759233C8-0045-46C7-88BB-70ED08BAD9C4}.Release|x86.Build.0 = Release|Any CPU
		{B627F4A1-BF1A-4F39-96C4-FA11F54714CB}.Debug|Any CPU.ActiveCfg = Debug|Any CPU
		{B627F4A1-BF1A-4F39-96C4-FA11F54714CB}.Debug|Any CPU.Build.0 = Debug|Any CPU
		{B627F4A1-BF1A-4F39-96C4-FA11F54714CB}.Debug|x64.ActiveCfg = Debug|Any CPU
		{B627F4A1-BF1A-4F39-96C4-FA11F54714CB}.Debug|x64.Build.0 = Debug|Any CPU
		{B627F4A1-BF1A-4F39-96C4-FA11F54714CB}.Debug|x86.ActiveCfg = Debug|Any CPU
		{B627F4A1-BF1A-4F39-96C4-FA11F54714CB}.Debug|x86.Build.0 = Debug|Any CPU
		{B627F4A1-BF1A-4F39-96C4-FA11F54714CB}.Release|Any CPU.ActiveCfg = Release|Any CPU
		{B627F4A1-BF1A-4F39-96C4-FA11F54714CB}.Release|Any CPU.Build.0 = Release|Any CPU
		{B627F4A1-BF1A-4F39-96C4-FA11F54714CB}.Release|x64.ActiveCfg = Release|Any CPU
		{B627F4A1-BF1A-4F39-96C4-FA11F54714CB}.Release|x64.Build.0 = Release|Any CPU
		{B627F4A1-BF1A-4F39-96C4-FA11F54714CB}.Release|x86.ActiveCfg = Release|Any CPU
		{B627F4A1-BF1A-4F39-96C4-FA11F54714CB}.Release|x86.Build.0 = Release|Any CPU
	EndGlobalSection
EndGlobal
